
Microsoft Visual Studio Solution File, Format Version 12.00
# Visual Studio Version 17
VisualStudioVersion = 17.2.32505.173
MinimumVisualStudioVersion = 10.0.40219.1
Project("{2150E333-8FDC-42A3-9474-1A3956D46DE8}") = "src", "src", "{2B672946-D10B-4804-93DE-B11DE6B85259}"
EndProject
Project("{2150E333-8FDC-42A3-9474-1A3956D46DE8}") = "tests", "tests", "{569B21DD-E434-48EF-9D28-FC864B6A7EC3}"
EndProject
Project("{6EC3EE1D-3C4E-46DD-8F32-0CC8E7565705}") = "build", "build\build.fsproj", "{C125CB69-05E3-4D86-B099-55B213B624DB}"
EndProject
Project("{2150E333-8FDC-42A3-9474-1A3956D46DE8}") = "Solution Items", "Solution Items", "{698B3036-4F3E-451C-AEFA-6BE8117B322E}"
	ProjectSection(SolutionItems) = preProject
		README.md = README.md
		RELEASE_NOTES.md = RELEASE_NOTES.md
		rollup.config.js = rollup.config.js
	EndProjectSection
EndProject
Project("{6EC3EE1D-3C4E-46DD-8F32-0CC8E7565705}") = "Nfdi4Plants.Fornax", "src\Nfdi4Plants.Fornax\Nfdi4Plants.Fornax.fsproj", "{235EF1A1-0447-40A7-ADF7-35FD0FBA9685}"
EndProject
Project("{6EC3EE1D-3C4E-46DD-8F32-0CC8E7565705}") = "Nfdi4Plants.Fornax.Tests", "tests\Nfdi4Plants.Fornax.Tests\Nfdi4Plants.Fornax.Tests.fsproj", "{DB4ECEE1-1EF6-4DE6-B358-4A63F2DF74FD}"
EndProject
Project("{6EC3EE1D-3C4E-46DD-8F32-0CC8E7565705}") = "Nfdi4Plants.Fornax.Template", "src\Nfdi4Plants.Fornax.Template\Nfdi4Plants.Fornax.Template.fsproj", "{8087D3B5-E961-4A3B-BC8F-7E33F67B8D3C}"
EndProject
Global
	GlobalSection(SolutionConfigurationPlatforms) = preSolution
		Debug|Any CPU = Debug|Any CPU
		Release|Any CPU = Release|Any CPU
	EndGlobalSection
	GlobalSection(ProjectConfigurationPlatforms) = postSolution
		{C125CB69-05E3-4D86-B099-55B213B624DB}.Debug|Any CPU.ActiveCfg = Debug|Any CPU
		{C125CB69-05E3-4D86-B099-55B213B624DB}.Debug|Any CPU.Build.0 = Debug|Any CPU
		{C125CB69-05E3-4D86-B099-55B213B624DB}.Release|Any CPU.ActiveCfg = Release|Any CPU
		{C125CB69-05E3-4D86-B099-55B213B624DB}.Release|Any CPU.Build.0 = Release|Any CPU
		{235EF1A1-0447-40A7-ADF7-35FD0FBA9685}.Debug|Any CPU.ActiveCfg = Debug|Any CPU
		{235EF1A1-0447-40A7-ADF7-35FD0FBA9685}.Debug|Any CPU.Build.0 = Debug|Any CPU
		{235EF1A1-0447-40A7-ADF7-35FD0FBA9685}.Release|Any CPU.ActiveCfg = Release|Any CPU
		{235EF1A1-0447-40A7-ADF7-35FD0FBA9685}.Release|Any CPU.Build.0 = Release|Any CPU
		{DB4ECEE1-1EF6-4DE6-B358-4A63F2DF74FD}.Debug|Any CPU.ActiveCfg = Debug|Any CPU
		{DB4ECEE1-1EF6-4DE6-B358-4A63F2DF74FD}.Debug|Any CPU.Build.0 = Debug|Any CPU
		{DB4ECEE1-1EF6-4DE6-B358-4A63F2DF74FD}.Release|Any CPU.ActiveCfg = Release|Any CPU
		{DB4ECEE1-1EF6-4DE6-B358-4A63F2DF74FD}.Release|Any CPU.Build.0 = Release|Any CPU
		{8087D3B5-E961-4A3B-BC8F-7E33F67B8D3C}.Debug|Any CPU.ActiveCfg = Debug|Any CPU
		{8087D3B5-E961-4A3B-BC8F-7E33F67B8D3C}.Debug|Any CPU.Build.0 = Debug|Any CPU
		{8087D3B5-E961-4A3B-BC8F-7E33F67B8D3C}.Release|Any CPU.ActiveCfg = Release|Any CPU
		{8087D3B5-E961-4A3B-BC8F-7E33F67B8D3C}.Release|Any CPU.Build.0 = Release|Any CPU
	EndGlobalSection
	GlobalSection(SolutionProperties) = preSolution
		HideSolutionNode = FALSE
	EndGlobalSection
	GlobalSection(NestedProjects) = preSolution
		{235EF1A1-0447-40A7-ADF7-35FD0FBA9685} = {2B672946-D10B-4804-93DE-B11DE6B85259}
		{DB4ECEE1-1EF6-4DE6-B358-4A63F2DF74FD} = {569B21DD-E434-48EF-9D28-FC864B6A7EC3}
		{8087D3B5-E961-4A3B-BC8F-7E33F67B8D3C} = {2B672946-D10B-4804-93DE-B11DE6B85259}
	EndGlobalSection
	GlobalSection(ExtensibilityGlobals) = postSolution
		SolutionGuid = {9591E7EB-8243-4661-BA6B-3DD822EB60EB}
	EndGlobalSection
EndGlobal
